
Microsoft Visual Studio Solution File, Format Version 12.00
# Visual Studio 2013
VisualStudioVersion = 12.0.40629.0
MinimumVisualStudioVersion = 10.0.40219.1
Project("{FAE04EC0-301F-11D3-BF4B-00C04F79EFBC}") = "OurFirstTraining", "OurFirstTraining\OurFirstTraining.csproj", "{FC65D415-65DE-4C38-A04A-094F7FA9C95E}"
EndProject
Global
	GlobalSection(SolutionConfigurationPlatforms) = preSolution
		Debug|Any CPU = Debug|Any CPU
		Release|Any CPU = Release|Any CPU
	EndGlobalSection
	GlobalSection(ProjectConfigurationPlatforms) = postSolution
		{FC65D415-65DE-4C38-A04A-094F7FA9C95E}.Debug|Any CPU.ActiveCfg = Debug|Any CPU
		{FC65D415-65DE-4C38-A04A-094F7FA9C95E}.Debug|Any CPU.Build.0 = Debug|Any CPU
		{FC65D415-65DE-4C38-A04A-094F7FA9C95E}.Release|Any CPU.ActiveCfg = Release|Any CPU
		{FC65D415-65DE-4C38-A04A-094F7FA9C95E}.Release|Any CPU.Build.0 = Release|Any CPU
	EndGlobalSection
	GlobalSection(SolutionProperties) = preSolution
		HideSolutionNode = FALSE
	EndGlobalSection
EndGlobal
